
Microsoft Visual Studio Solution File, Format Version 12.00
# Visual Studio 2012
Project("{FAE04EC0-301F-11D3-BF4B-00C04F79EFBC}") = "WindowsServiceInstaller", "WindowsServiceInstaller\WindowsServiceInstaller.csproj", "{18224DD2-FB75-4A24-B978-917E65B98491}"
EndProject
Global
	GlobalSection(SolutionConfigurationPlatforms) = preSolution
		Debug|Any CPU = Debug|Any CPU
		Release|Any CPU = Release|Any CPU
	EndGlobalSection
	GlobalSection(ProjectConfigurationPlatforms) = postSolution
		{18224DD2-FB75-4A24-B978-917E65B98491}.Debug|Any CPU.ActiveCfg = Debug|Any CPU
		{18224DD2-FB75-4A24-B978-917E65B98491}.Debug|Any CPU.Build.0 = Debug|Any CPU
		{18224DD2-FB75-4A24-B978-917E65B98491}.Release|Any CPU.ActiveCfg = Release|Any CPU
		{18224DD2-FB75-4A24-B978-917E65B98491}.Release|Any CPU.Build.0 = Release|Any CPU
	EndGlobalSection
	GlobalSection(SolutionProperties) = preSolution
		HideSolutionNode = FALSE
	EndGlobalSection
EndGlobal
